
Microsoft Visual Studio Solution File, Format Version 12.00
# Visual Studio 15
VisualStudioVersion = 15.0.28307.572
MinimumVisualStudioVersion = 10.0.40219.1
Project("{FAE04EC0-301F-11D3-BF4B-00C04F79EFBC}") = "TokenApp", "TokenApp\TokenApp.csproj", "{CE302AD2-5389-49B9-B7DE-5A0442A046C3}"
EndProject
Global
	GlobalSection(SolutionConfigurationPlatforms) = preSolution
		Debug|Any CPU = Debug|Any CPU
		Release|Any CPU = Release|Any CPU
	EndGlobalSection
	GlobalSection(ProjectConfigurationPlatforms) = postSolution
		{CE302AD2-5389-49B9-B7DE-5A0442A046C3}.Debug|Any CPU.ActiveCfg = Debug|Any CPU
		{CE302AD2-5389-49B9-B7DE-5A0442A046C3}.Debug|Any CPU.Build.0 = Debug|Any CPU
		{CE302AD2-5389-49B9-B7DE-5A0442A046C3}.Release|Any CPU.ActiveCfg = Release|Any CPU
		{CE302AD2-5389-49B9-B7DE-5A0442A046C3}.Release|Any CPU.Build.0 = Release|Any CPU
	EndGlobalSection
	GlobalSection(SolutionProperties) = preSolution
		HideSolutionNode = FALSE
	EndGlobalSection
	GlobalSection(ExtensibilityGlobals) = postSolution
		SolutionGuid = {192C2B57-0598-4A23-B8EB-05685C73F558}
	EndGlobalSection
EndGlobal
